
Microsoft Visual Studio Solution File, Format Version 12.00
# Visual Studio 15
VisualStudioVersion = 15.0.28010.2046
MinimumVisualStudioVersion = 10.0.40219.1
Project("{8BC9CEB8-8B4A-11D0-8D11-00A0C91BC942}") = "SERVER2", "SERVER2\SERVER2.vcxproj", "{83655986-3118-4130-88C4-642B48F3458F}"
EndProject
Global
	GlobalSection(SolutionConfigurationPlatforms) = preSolution
		Debug|x64 = Debug|x64
		Debug|x86 = Debug|x86
		Release|x64 = Release|x64
		Release|x86 = Release|x86
	EndGlobalSection
	GlobalSection(ProjectConfigurationPlatforms) = postSolution
		{83655986-3118-4130-88C4-642B48F3458F}.Debug|x64.ActiveCfg = Debug|x64
		{83655986-3118-4130-88C4-642B48F3458F}.Debug|x64.Build.0 = Debug|x64
		{83655986-3118-4130-88C4-642B48F3458F}.Debug|x86.ActiveCfg = Debug|Win32
		{83655986-3118-4130-88C4-642B48F3458F}.Debug|x86.Build.0 = Debug|Win32
		{83655986-3118-4130-88C4-642B48F3458F}.Release|x64.ActiveCfg = Release|x64
		{83655986-3118-4130-88C4-642B48F3458F}.Release|x64.Build.0 = Release|x64
		{83655986-3118-4130-88C4-642B48F3458F}.Release|x86.ActiveCfg = Release|Win32
		{83655986-3118-4130-88C4-642B48F3458F}.Release|x86.Build.0 = Release|Win32
	EndGlobalSection
	GlobalSection(SolutionProperties) = preSolution
		HideSolutionNode = FALSE
	EndGlobalSection
	GlobalSection(ExtensibilityGlobals) = postSolution
		SolutionGuid = {526EB46A-ADDA-4138-96B2-3ADE23594F74}
	EndGlobalSection
EndGlobal
